
Microsoft Visual Studio Solution File, Format Version 12.00
# Visual Studio Version 17
VisualStudioVersion = 17.7.34018.315
MinimumVisualStudioVersion = 10.0.40219.1
Project("{FAE04EC0-301F-11D3-BF4B-00C04F79EFBC}") = "vidly", "vidly\vidly.csproj", "{8731A06C-E417-4B76-8E97-C198A7FB6019}"
EndProject
Global
	GlobalSection(SolutionConfigurationPlatforms) = preSolution
		Debug|Any CPU = Debug|Any CPU
		Release|Any CPU = Release|Any CPU
	EndGlobalSection
	GlobalSection(ProjectConfigurationPlatforms) = postSolution
		{8731A06C-E417-4B76-8E97-C198A7FB6019}.Debug|Any CPU.ActiveCfg = Debug|Any CPU
		{8731A06C-E417-4B76-8E97-C198A7FB6019}.Debug|Any CPU.Build.0 = Debug|Any CPU
		{8731A06C-E417-4B76-8E97-C198A7FB6019}.Release|Any CPU.ActiveCfg = Release|Any CPU
		{8731A06C-E417-4B76-8E97-C198A7FB6019}.Release|Any CPU.Build.0 = Release|Any CPU
	EndGlobalSection
	GlobalSection(SolutionProperties) = preSolution
		HideSolutionNode = FALSE
	EndGlobalSection
	GlobalSection(ExtensibilityGlobals) = postSolution
		SolutionGuid = {D704AD7A-BE88-40E8-B2B2-9CC3520EC5CC}
	EndGlobalSection
EndGlobal
